{
  "name": "ajstest",
  "version": "1.0.0",
  "lockfileVersion": 2,
  "requires": true,
  "packages": {
    "": {
      "name": "ajstest",
      "version": "1.0.0",
      "license": "ISC",
      "dependencies": {
        "@elenakechina/ajs": "^1.1.0"
      }
    },
    "node_modules/@elenakechina/ajs": {
      "version": "1.1.0",
      "resolved": "https://npm.pkg.github.com/download/@elenakechina/ajs/1.1.0/c7993bd3d908dd95960988494524d911af7b18ac35eb4d390d8969ce19fcf3e3",
      "integrity": "sha512-zkM5vt1L7DHCaWiQy7CkyKopNyyTRhBSLXcV7eLpJ388GDj8KOOBcPHZbI0iT+kCejF/7V/scXfpSyX2VDfKRQ==",
      "license": "ISC"
    }
  },
  "dependencies": {
    "@elenakechina/ajs": {
      "version": "1.1.0",
      "resolved": "https://npm.pkg.github.com/download/@elenakechina/ajs/1.1.0/c7993bd3d908dd95960988494524d911af7b18ac35eb4d390d8969ce19fcf3e3",
      "integrity": "sha512-zkM5vt1L7DHCaWiQy7CkyKopNyyTRhBSLXcV7eLpJ388GDj8KOOBcPHZbI0iT+kCejF/7V/scXfpSyX2VDfKRQ=="
    }
  }
}
